
Microsoft Visual Studio Solution File, Format Version 12.00
# Visual Studio Version 17
VisualStudioVersion = 17.9.34723.18
MinimumVisualStudioVersion = 10.0.40219.1
Project("{2150E333-8FDC-42A3-9474-1A3956D46DE8}") = "src", "src", "{936571A8-2D7B-4979-A659-CD598316EFA3}"
EndProject
Project("{2150E333-8FDC-42A3-9474-1A3956D46DE8}") = "Solution Items", "Solution Items", "{FA1B4021-0A97-4F68-B966-148191F6AAA8}"
	ProjectSection(SolutionItems) = preProject
		.editorconfig = .editorconfig
		Directory.Build.props = Directory.Build.props
		Directory.Build.targets = Directory.Build.targets
		Directory.Packages.props = Directory.Packages.props
		global.json = global.json
		.gitignore = .gitignore
	EndProjectSection
	ProjectSection(FolderGlobals) = preProject
		global_1json__JSONSchema = http://json.schemastore.org/global
	EndProjectSection
EndProject
Project("{2150E333-8FDC-42A3-9474-1A3956D46DE8}") = "test", "test", "{86DCD1A3-7EDD-4EB3-94C1-23019DE5DD65}"
EndProject
Project("{FAE04EC0-301F-11D3-BF4B-00C04F79EFBC}") = "SignalRApiGen.AspNetCore", "src\SignalRApiGen.AspNetCore\SignalRApiGen.AspNetCore.csproj", "{C638C168-7425-4AAA-ADE1-752649CB176E}"
EndProject
Project("{FAE04EC0-301F-11D3-BF4B-00C04F79EFBC}") = "SignalRApiGen.AspNetCore.UI", "src\SignalRApiGen.AspNetCore.UI\SignalRApiGen.AspNetCore.UI.csproj", "{F06D6839-1B66-4598-B6FF-28A51CCBD80A}"
EndProject
Project("{2150E333-8FDC-42A3-9474-1A3956D46DE8}") = "WebSites", "WebSites", "{68D9EC19-DE30-4C56-9A5C-9B415AA28213}"
EndProject
Project("{FAE04EC0-301F-11D3-BF4B-00C04F79EFBC}") = "Base", "test\WebSites\Base\Base.csproj", "{34170F5C-73A5-422F-AF64-7D737617252F}"
EndProject
Global
	GlobalSection(SolutionConfigurationPlatforms) = preSolution
		Debug|Any CPU = Debug|Any CPU
		Release|Any CPU = Release|Any CPU
	EndGlobalSection
	GlobalSection(ProjectConfigurationPlatforms) = postSolution
		{C638C168-7425-4AAA-ADE1-752649CB176E}.Debug|Any CPU.ActiveCfg = Debug|Any CPU
		{C638C168-7425-4AAA-ADE1-752649CB176E}.Debug|Any CPU.Build.0 = Debug|Any CPU
		{C638C168-7425-4AAA-ADE1-752649CB176E}.Release|Any CPU.ActiveCfg = Release|Any CPU
		{C638C168-7425-4AAA-ADE1-752649CB176E}.Release|Any CPU.Build.0 = Release|Any CPU
		{F06D6839-1B66-4598-B6FF-28A51CCBD80A}.Debug|Any CPU.ActiveCfg = Debug|Any CPU
		{F06D6839-1B66-4598-B6FF-28A51CCBD80A}.Debug|Any CPU.Build.0 = Debug|Any CPU
		{F06D6839-1B66-4598-B6FF-28A51CCBD80A}.Release|Any CPU.ActiveCfg = Release|Any CPU
		{F06D6839-1B66-4598-B6FF-28A51CCBD80A}.Release|Any CPU.Build.0 = Release|Any CPU
		{34170F5C-73A5-422F-AF64-7D737617252F}.Debug|Any CPU.ActiveCfg = Debug|Any CPU
		{34170F5C-73A5-422F-AF64-7D737617252F}.Debug|Any CPU.Build.0 = Debug|Any CPU
		{34170F5C-73A5-422F-AF64-7D737617252F}.Release|Any CPU.ActiveCfg = Release|Any CPU
		{34170F5C-73A5-422F-AF64-7D737617252F}.Release|Any CPU.Build.0 = Release|Any CPU
	EndGlobalSection
	GlobalSection(SolutionProperties) = preSolution
		HideSolutionNode = FALSE
	EndGlobalSection
	GlobalSection(NestedProjects) = preSolution
		{C638C168-7425-4AAA-ADE1-752649CB176E} = {936571A8-2D7B-4979-A659-CD598316EFA3}
		{F06D6839-1B66-4598-B6FF-28A51CCBD80A} = {936571A8-2D7B-4979-A659-CD598316EFA3}
		{68D9EC19-DE30-4C56-9A5C-9B415AA28213} = {86DCD1A3-7EDD-4EB3-94C1-23019DE5DD65}
		{34170F5C-73A5-422F-AF64-7D737617252F} = {68D9EC19-DE30-4C56-9A5C-9B415AA28213}
	EndGlobalSection
	GlobalSection(ExtensibilityGlobals) = postSolution
		SolutionGuid = {7BC1748B-37E0-4DCE-93A1-22EC2A88CA9D}
	EndGlobalSection
EndGlobal
